
Microsoft Visual Studio Solution File, Format Version 12.00
# Visual Studio 2012
Project("{FAE04EC0-301F-11D3-BF4B-00C04F79EFBC}") = "mongo-todo", "mongo-todo\mongo-todo.csproj", "{EEB4DD4D-0B67-4F97-986A-26B98268FE79}"
EndProject
Project("{FAE04EC0-301F-11D3-BF4B-00C04F79EFBC}") = "Domain", "Domain\Domain.csproj", "{041C0409-545F-4011-8E11-FFDC99A47C1D}"
EndProject
Global
	GlobalSection(SolutionConfigurationPlatforms) = preSolution
		Debug|Any CPU = Debug|Any CPU
		Release|Any CPU = Release|Any CPU
	EndGlobalSection
	GlobalSection(ProjectConfigurationPlatforms) = postSolution
		{EEB4DD4D-0B67-4F97-986A-26B98268FE79}.Debug|Any CPU.ActiveCfg = Debug|Any CPU
		{EEB4DD4D-0B67-4F97-986A-26B98268FE79}.Debug|Any CPU.Build.0 = Debug|Any CPU
		{EEB4DD4D-0B67-4F97-986A-26B98268FE79}.Release|Any CPU.ActiveCfg = Release|Any CPU
		{EEB4DD4D-0B67-4F97-986A-26B98268FE79}.Release|Any CPU.Build.0 = Release|Any CPU
		{041C0409-545F-4011-8E11-FFDC99A47C1D}.Debug|Any CPU.ActiveCfg = Debug|Any CPU
		{041C0409-545F-4011-8E11-FFDC99A47C1D}.Debug|Any CPU.Build.0 = Debug|Any CPU
		{041C0409-545F-4011-8E11-FFDC99A47C1D}.Release|Any CPU.ActiveCfg = Release|Any CPU
		{041C0409-545F-4011-8E11-FFDC99A47C1D}.Release|Any CPU.Build.0 = Release|Any CPU
	EndGlobalSection
	GlobalSection(SolutionProperties) = preSolution
		HideSolutionNode = FALSE
	EndGlobalSection
	GlobalSection(ExtensibilityGlobals) = postSolution
		EnterpriseLibraryConfigurationToolBinariesPath = packages\Unity.2.1.505.2\lib\NET35
	EndGlobalSection
EndGlobal
